
Microsoft Visual Studio Solution File, Format Version 12.00
# Visual Studio Version 17
VisualStudioVersion = 17.6.33829.357
MinimumVisualStudioVersion = 10.0.40219.1
Project("{FAE04EC0-301F-11D3-BF4B-00C04F79EFBC}") = "ClaimsBasedAuthz", "ClaimsBasedAuthz.csproj", "{19C1AFA3-27BA-41EE-8AB7-C11BD9248FF6}"
EndProject
Global
	GlobalSection(SolutionProperties) = preSolution
		HideSolutionNode = FALSE
	EndGlobalSection
	GlobalSection(ExtensibilityGlobals) = postSolution
		SolutionGuid = {C0E68099-D435-47A5-AA21-D819F181F10F}
	EndGlobalSection
	GlobalSection(SolutionConfigurationPlatforms) = preSolution
		Debug|Any CPU = Debug|Any CPU
		Debug|x64 = Debug|x64
		Debug|x86 = Debug|x86
		Release|Any CPU = Release|Any CPU
		Release|x64 = Release|x64
		Release|x86 = Release|x86
	EndGlobalSection
	GlobalSection(ProjectConfigurationPlatforms) = postSolution
		{19C1AFA3-27BA-41EE-8AB7-C11BD9248FF6}.Debug|Any CPU.ActiveCfg = Debug|Any CPU
		{19C1AFA3-27BA-41EE-8AB7-C11BD9248FF6}.Debug|Any CPU.Build.0 = Debug|Any CPU
		{19C1AFA3-27BA-41EE-8AB7-C11BD9248FF6}.Debug|x64.ActiveCfg = Debug|Any CPU
		{19C1AFA3-27BA-41EE-8AB7-C11BD9248FF6}.Debug|x64.Build.0 = Debug|Any CPU
		{19C1AFA3-27BA-41EE-8AB7-C11BD9248FF6}.Debug|x86.ActiveCfg = Debug|Any CPU
		{19C1AFA3-27BA-41EE-8AB7-C11BD9248FF6}.Debug|x86.Build.0 = Debug|Any CPU
		{19C1AFA3-27BA-41EE-8AB7-C11BD9248FF6}.Release|Any CPU.ActiveCfg = Release|Any CPU
		{19C1AFA3-27BA-41EE-8AB7-C11BD9248FF6}.Release|Any CPU.Build.0 = Release|Any CPU
		{19C1AFA3-27BA-41EE-8AB7-C11BD9248FF6}.Release|x64.ActiveCfg = Release|Any CPU
		{19C1AFA3-27BA-41EE-8AB7-C11BD9248FF6}.Release|x64.Build.0 = Release|Any CPU
		{19C1AFA3-27BA-41EE-8AB7-C11BD9248FF6}.Release|x86.ActiveCfg = Release|Any CPU
		{19C1AFA3-27BA-41EE-8AB7-C11BD9248FF6}.Release|x86.Build.0 = Release|Any CPU
	EndGlobalSection
EndGlobal
